
Microsoft Visual Studio Solution File, Format Version 12.00
# Visual Studio Version 17
VisualStudioVersion = 17.14.35906.104 d17.14
MinimumVisualStudioVersion = 10.0.40219.1
Project("{FAE04EC0-301F-11D3-BF4B-00C04F79EFBC}") = "biblitotek", "biblitotek\biblitotek.csproj", "{DCCDC223-F5C5-4DCB-A692-CB240F9F7516}"
EndProject
Global
	GlobalSection(SolutionConfigurationPlatforms) = preSolution
		Debug|Any CPU = Debug|Any CPU
		Release|Any CPU = Release|Any CPU
	EndGlobalSection
	GlobalSection(ProjectConfigurationPlatforms) = postSolution
		{DCCDC223-F5C5-4DCB-A692-CB240F9F7516}.Debug|Any CPU.ActiveCfg = Debug|Any CPU
		{DCCDC223-F5C5-4DCB-A692-CB240F9F7516}.Debug|Any CPU.Build.0 = Debug|Any CPU
		{DCCDC223-F5C5-4DCB-A692-CB240F9F7516}.Release|Any CPU.ActiveCfg = Release|Any CPU
		{DCCDC223-F5C5-4DCB-A692-CB240F9F7516}.Release|Any CPU.Build.0 = Release|Any CPU
	EndGlobalSection
	GlobalSection(SolutionProperties) = preSolution
		HideSolutionNode = FALSE
	EndGlobalSection
	GlobalSection(ExtensibilityGlobals) = postSolution
		SolutionGuid = {BFDCE143-3979-47D1-B74D-E23CA387C127}
	EndGlobalSection
EndGlobal
